
Microsoft Visual Studio Solution File, Format Version 12.00
# Visual Studio Version 17
VisualStudioVersion = 17.14.37027.9
MinimumVisualStudioVersion = 10.0.40219.1
Project("{8BC9CEB8-8B4A-11D0-8D11-00A0C91BC942}") = "chat_Client", "chat_Client\chat_Client.vcxproj", "{60C6D86D-771E-48E1-99CF-92460D7CA820}"
EndProject
Project("{8BC9CEB8-8B4A-11D0-8D11-00A0C91BC942}") = "IocpChatServer", "IocpChatServer\IocpChatServer.vcxproj", "{DCC8982D-BB5D-4806-A253-0EF9A77F5EB1}"
EndProject
Global
	GlobalSection(SolutionConfigurationPlatforms) = preSolution
		Debug|x64 = Debug|x64
		Debug|x86 = Debug|x86
		Release|x64 = Release|x64
		Release|x86 = Release|x86
	EndGlobalSection
	GlobalSection(ProjectConfigurationPlatforms) = postSolution
		{60C6D86D-771E-48E1-99CF-92460D7CA820}.Debug|x64.ActiveCfg = Debug|x64
		{60C6D86D-771E-48E1-99CF-92460D7CA820}.Debug|x64.Build.0 = Debug|x64
		{60C6D86D-771E-48E1-99CF-92460D7CA820}.Debug|x86.ActiveCfg = Debug|Win32
		{60C6D86D-771E-48E1-99CF-92460D7CA820}.Debug|x86.Build.0 = Debug|Win32
		{60C6D86D-771E-48E1-99CF-92460D7CA820}.Release|x64.ActiveCfg = Release|x64
		{60C6D86D-771E-48E1-99CF-92460D7CA820}.Release|x64.Build.0 = Release|x64
		{60C6D86D-771E-48E1-99CF-92460D7CA820}.Release|x86.ActiveCfg = Release|Win32
		{60C6D86D-771E-48E1-99CF-92460D7CA820}.Release|x86.Build.0 = Release|Win32
		{DCC8982D-BB5D-4806-A253-0EF9A77F5EB1}.Debug|x64.ActiveCfg = Debug|x64
		{DCC8982D-BB5D-4806-A253-0EF9A77F5EB1}.Debug|x64.Build.0 = Debug|x64
		{DCC8982D-BB5D-4806-A253-0EF9A77F5EB1}.Debug|x86.ActiveCfg = Debug|Win32
		{DCC8982D-BB5D-4806-A253-0EF9A77F5EB1}.Debug|x86.Build.0 = Debug|Win32
		{DCC8982D-BB5D-4806-A253-0EF9A77F5EB1}.Release|x64.ActiveCfg = Release|x64
		{DCC8982D-BB5D-4806-A253-0EF9A77F5EB1}.Release|x64.Build.0 = Release|x64
		{DCC8982D-BB5D-4806-A253-0EF9A77F5EB1}.Release|x86.ActiveCfg = Release|Win32
		{DCC8982D-BB5D-4806-A253-0EF9A77F5EB1}.Release|x86.Build.0 = Release|Win32
	EndGlobalSection
	GlobalSection(SolutionProperties) = preSolution
		HideSolutionNode = FALSE
	EndGlobalSection
	GlobalSection(ExtensibilityGlobals) = postSolution
		SolutionGuid = {35D69868-96B2-4ACE-B105-DEB8664800E8}
	EndGlobalSection
EndGlobal
